<?xml version="1.0" encoding="utf-8"?>
<Project ToolsVersion="4.0" xmlns="http://schemas.microsoft.com/developer/msbuild/2003">
  <ItemGroup>
    <Filter Include="소스 파일">
      <UniqueIdentifier>{4FC737F1-C7A5-4376-A066-2A32D752A2FF}</UniqueIdentifier>
      <Extensions>cpp;c;cc;cxx;def;odl;idl;hpj;bat;asm;asmx</Extensions>
    </Filter>
    <Filter Include="헤더 파일">
      <UniqueIdentifier>{93995380-89BD-4b04-88EB-625FBE52EBFB}</UniqueIdentifier>
      <Extensions>h;hpp;hxx;hm;inl;inc;xsd</Extensions>
    </Filter>
    <Filter Include="리소스 파일">
      <UniqueIdentifier>{67DA6AB6-F800-4c08-8B7A-83BB121AAD01}</UniqueIdentifier>
      <Extensions>rc;ico;cur;bmp;dlg;rc2;rct;bin;rgs;gif;jpg;jpeg;jpe;resx;tiff;tif;png;wav;mfcribbon-ms</Extensions>
    </Filter>
  </ItemGroup>
  <ItemGroup>
    <Text Include="ReadMe.txt" />
  </ItemGroup>
  <ItemGroup>
    <ClInclude Include="MsgExam.h">
      <Filter>헤더 파일</Filter>
    </ClInclude>
    <ClInclude Include="stdafx.h">
      <Filter>헤더 파일</Filter>
    </ClInclude>
    <ClInclude Include="targetver.h">
      <Filter>헤더 파일</Filter>
    </ClInclude>
    <ClInclude Include="MainFrm.h">
      <Filter>헤더 파일</Filter>
    </ClInclude>
    <ClInclude Include="MsgExamDoc.h">
      <Filter>헤더 파일</Filter>
    </ClInclude>
    <ClInclude Include="MsgExamView.h">
      <Filter>헤더 파일</Filter>
    </ClInclude>
    <ClInclude Include="Resource.h">
      <Filter>헤더 파일</Filter>
    </ClInclude>
    <ClInclude Include="MyDlg.h">
      <Filter>헤더 파일</Filter>
    </ClInclude>
    <ClInclude Include="ShapeDlg.h">
      <Filter>헤더 파일</Filter>
    </ClInclude>
    <ClInclude Include="DlgExam501.h">
      <Filter>헤더 파일</Filter>
    </ClInclude>
    <ClInclude Include="CalcDlg.h">
      <Filter>헤더 파일</Filter>
    </ClInclude>
    <ClInclude Include="DlgExam701.h">
      <Filter>헤더 파일</Filter>
    </ClInclude>
    <ClInclude Include="PenDlg.h">
      <Filter>헤더 파일</Filter>
    </ClInclude>
    <ClInclude Include="BrushDlg.h">
      <Filter>헤더 파일</Filter>
    </ClInclude>
    <ClInclude Include="TabSheet.h">
      <Filter>헤더 파일</Filter>
    </ClInclude>
    <ClInclude Include="ImageChange.h">
      <Filter>헤더 파일</Filter>
    </ClInclude>
    <ClInclude Include="ImageTab.h">
      <Filter>헤더 파일</Filter>
    </ClInclude>
    <ClInclude Include="ImageResize.h">
      <Filter>헤더 파일</Filter>
    </ClInclude>
    <ClInclude Include="TreeExam.h">
      <Filter>헤더 파일</Filter>
    </ClInclude>
    <ClInclude Include="ListExamDlg.h">
      <Filter>헤더 파일</Filter>
    </ClInclude>
    <ClInclude Include="SliderExamDlg.h">
      <Filter>헤더 파일</Filter>
    </ClInclude>
    <ClInclude Include="AddDialog.h">
      <Filter>헤더 파일</Filter>
    </ClInclude>
    <ClInclude Include="Point3D.h">
      <Filter>헤더 파일</Filter>
    </ClInclude>
    <ClInclude Include="Info.h">
      <Filter>헤더 파일</Filter>
    </ClInclude>
    <ClInclude Include="RightView.h">
      <Filter>헤더 파일</Filter>
    </ClInclude>
    <ClInclude Include="LeftView.h">
      <Filter>헤더 파일</Filter>
    </ClInclude>
    <ClInclude Include="MiddleView.h">
      <Filter>헤더 파일</Filter>
    </ClInclude>
    <ClInclude Include="VideoView.h">
      <Filter>헤더 파일</Filter>
    </ClInclude>
    <ClInclude Include="CustomerView.h">
      <Filter>헤더 파일</Filter>
    </ClInclude>
    <ClInclude Include="RentView.h">
      <Filter>헤더 파일</Filter>
    </ClInclude>
    <ClInclude Include="ProgressBar.h">
      <Filter>헤더 파일</Filter>
    </ClInclude>
  </ItemGroup>
  <ItemGroup>
    <ClCompile Include="MsgExam.cpp">
      <Filter>소스 파일</Filter>
    </ClCompile>
    <ClCompile Include="stdafx.cpp">
      <Filter>소스 파일</Filter>
    </ClCompile>
    <ClCompile Include="MainFrm.cpp">
      <Filter>소스 파일</Filter>
    </ClCompile>
    <ClCompile Include="MsgExamDoc.cpp">
      <Filter>소스 파일</Filter>
    </ClCompile>
    <ClCompile Include="MsgExamView.cpp">
      <Filter>소스 파일</Filter>
    </ClCompile>
    <ClCompile Include="MyDlg.cpp">
      <Filter>소스 파일</Filter>
    </ClCompile>
    <ClCompile Include="ShapeDlg.cpp">
      <Filter>소스 파일</Filter>
    </ClCompile>
    <ClCompile Include="DlgExam501.cpp">
      <Filter>소스 파일</Filter>
    </ClCompile>
    <ClCompile Include="CalcDlg.cpp">
      <Filter>소스 파일</Filter>
    </ClCompile>
    <ClCompile Include="DlgExam701.cpp">
      <Filter>소스 파일</Filter>
    </ClCompile>
    <ClCompile Include="PenDlg.cpp">
      <Filter>소스 파일</Filter>
    </ClCompile>
    <ClCompile Include="BrushDlg.cpp">
      <Filter>소스 파일</Filter>
    </ClCompile>
    <ClCompile Include="TabSheet.cpp">
      <Filter>소스 파일</Filter>
    </ClCompile>
    <ClCompile Include="ImageChange.cpp">
      <Filter>소스 파일</Filter>
    </ClCompile>
    <ClCompile Include="ImageTab.cpp">
      <Filter>소스 파일</Filter>
    </ClCompile>
    <ClCompile Include="ImageResize.cpp">
      <Filter>소스 파일</Filter>
    </ClCompile>
    <ClCompile Include="TreeExam.cpp">
      <Filter>소스 파일</Filter>
    </ClCompile>
    <ClCompile Include="ListExamDlg.cpp">
      <Filter>소스 파일</Filter>
    </ClCompile>
    <ClCompile Include="SliderExamDlg.cpp">
      <Filter>소스 파일</Filter>
    </ClCompile>
    <ClCompile Include="AddDialog.cpp">
      <Filter>소스 파일</Filter>
    </ClCompile>
    <ClCompile Include="Point3D.cpp">
      <Filter>소스 파일</Filter>
    </ClCompile>
    <ClCompile Include="Info.cpp">
      <Filter>소스 파일</Filter>
    </ClCompile>
    <ClCompile Include="RightView.cpp">
      <Filter>소스 파일</Filter>
    </ClCompile>
    <ClCompile Include="LeftView.cpp">
      <Filter>소스 파일</Filter>
    </ClCompile>
    <ClCompile Include="MiddleView.cpp">
      <Filter>소스 파일</Filter>
    </ClCompile>
    <ClCompile Include="VideoView.cpp">
      <Filter>소스 파일</Filter>
    </ClCompile>
    <ClCompile Include="CustomerView.cpp">
      <Filter>소스 파일</Filter>
    </ClCompile>
    <ClCompile Include="RentView.cpp">
      <Filter>소스 파일</Filter>
    </ClCompile>
    <ClCompile Include="ProgressBar.cpp">
      <Filter>소스 파일</Filter>
    </ClCompile>
  </ItemGroup>
  <ItemGroup>
    <ResourceCompile Include="MsgExam.rc">
      <Filter>리소스 파일</Filter>
    </ResourceCompile>
  </ItemGroup>
  <ItemGroup>
    <None Include="res\MsgExam.rc2">
      <Filter>리소스 파일</Filter>
    </None>
  </ItemGroup>
  <ItemGroup>
    <Image Include="res\MsgExamDoc.ico">
      <Filter>리소스 파일</Filter>
    </Image>
    <Image Include="res\MsgExam.ico">
      <Filter>리소스 파일</Filter>
    </Image>
    <Image Include="res\Toolbar.bmp">
      <Filter>리소스 파일</Filter>
    </Image>
    <Image Include="..\..\..\기타자료\DSC00007.bmp">
      <Filter>리소스 파일</Filter>
    </Image>
    <Image Include="res\DSC00007.bmp">
      <Filter>리소스 파일</Filter>
    </Image>
    <Image Include="res\20120528_214126.bmp">
      <Filter>리소스 파일</Filter>
    </Image>
    <Image Include="res\bitmap3.bmp">
      <Filter>리소스 파일</Filter>
    </Image>
    <Image Include="res\20120528_214126_1200x900.bmp">
      <Filter>리소스 파일</Filter>
    </Image>
    <Image Include="res\20120528_214126_1600x1200.bmp">
      <Filter>리소스 파일</Filter>
    </Image>
    <Image Include="res\DSC00007_982x653.bmp">
      <Filter>리소스 파일</Filter>
    </Image>
    <Image Include="res\bitmap1.bmp">
      <Filter>리소스 파일</Filter>
    </Image>
    <Image Include="res\DSC00011_835x555.bmp">
      <Filter>리소스 파일</Filter>
    </Image>
    <Image Include="res\IMG_0208_842x562.bmp">
      <Filter>리소스 파일</Filter>
    </Image>
    <Image Include="res\IMG_0242_842x562.bmp">
      <Filter>리소스 파일</Filter>
    </Image>
    <Image Include="res\IMG_0245_842x562.bmp">
      <Filter>리소스 파일</Filter>
    </Image>
    <Image Include="res\IMG_0265_842x562.bmp">
      <Filter>리소스 파일</Filter>
    </Image>
    <Image Include="res\IMG_0277_842x562.bmp">
      <Filter>리소스 파일</Filter>
    </Image>
    <Image Include="res\ImgConversion.bmp">
      <Filter>리소스 파일</Filter>
    </Image>
    <Image Include="res\bitmap11.bmp">
      <Filter>리소스 파일</Filter>
    </Image>
    <Image Include="res\ImgConversion_420X112.bmp">
      <Filter>리소스 파일</Filter>
    </Image>
  </ItemGroup>
</Project>